schema: '2.0'
stages:
  preprocess:
    cmd: .\\venv\\Scripts\\python.exe -m src.mlops_project.data.preprocess
    deps:
    - path: data/raw/telcom_churn.csv
      hash: md5
      md5: 0f9de68e012bd3aed5fa7cdc9fc421af
      size: 977501
    - path: src/mlops_project/data/load_data.py
      hash: md5
      md5: 0733c66d34120df0e891aaeabd39a325
      size: 1078
    - path: src/mlops_project/data/preprocess.py
      hash: md5
      md5: 2e878d5a932407a41366fb6a54431406
      size: 7862
    - path: src/mlops_project/data/validate_data.py
      hash: md5
      md5: 167e58e3d767df229e255fae21f2b823
      size: 7880
    - path: src/mlops_project/features/build_features.py
      hash: md5
      md5: c41a3c7ec9b186e15ec16c2028a0a985
      size: 10714
    outs:
    - path: artifacts/preprocessors/preprocessor.pkl
      hash: md5
      md5: 4f84c8c438416da862f198d1df8ebc64
      size: 38166
    - path: data/processed/cleaned_data_linear.csv
      hash: md5
      md5: eaf8433daf91e5942fdcb9ce90dde7a8
      size: 1884488
    - path: data/processed/cleaned_data_tree.csv
      hash: md5
      md5: 5dbb9ec30358d79db0cd77dea8505e4d
      size: 1481067
  train:
    cmd: .\\venv\\Scripts\\python.exe src/mlops_project/models/train.py --config
      configs/best_model.yaml --data data/processed/cleaned_data_tree.csv 
      --models-dir artifacts/models --mlflow-tracking-uri file:./mlruns_local
    deps:
    - path: configs/best_model.yaml
      hash: md5
      md5: 2ba90365ec9a593ccd4a505d0cb43843
      size: 306
    - path: data/processed/cleaned_data_tree.csv
      hash: md5
      md5: 5dbb9ec30358d79db0cd77dea8505e4d
      size: 1481067
    - path: src/mlops_project/models/train.py
      hash: md5
      md5: b7db952d7bdd7f43d4bb162939b376e7
      size: 7509
    outs:
    - path: artifacts/models/Telco_Churn_Model_final.pkl
      hash: md5
      md5: 85cb65ba098ff0b1549b4461902f37a7
      size: 223300
